{

  "lockfileVersion": 3,
  "requires": true,
  "packages": {
    "": {


      "dependencies": {





        "esbuild-plugin-copy": "^2.1.1",






        "@typescript-eslint/eslint-plugin": "^5.60.1",
        "@typescript-eslint/parser": "^5.60.1",







        "eslint-plugin-n": "^16.0.1",


        "typescript": "5.0.4"









      }
    },

      "version": "7.22.5",



      "dependencies": {

      },
      "engines": {
        "node": ">=6.9.0"
      }
    },
    "node_modules/@esbuild/android-arm": {



      "cpu": [
        "arm"
      ],
      "optional": true,
      "os": [
        "android"
      ],
      "engines": {
        "node": ">=12"
      }
    },
    "node_modules/@esbuild/android-arm64": {



      "cpu": [
        "arm64"
      ],
      "optional": true,
      "os": [
        "android"
      ],
      "engines": {
        "node": ">=12"
      }
    },
    "node_modules/@esbuild/android-x64": {



      "cpu": [
        "x64"
      ],
      "optional": true,
      "os": [
        "android"
      ],
      "engines": {
        "node": ">=12"
      }
    },
    "node_modules/@esbuild/darwin-arm64": {



      "cpu": [
        "arm64"
      ],
      "optional": true,
      "os": [
        "darwin"
      ],
      "engines": {
        "node": ">=12"
      }
    },
    "node_modules/@esbuild/darwin-x64": {



      "cpu": [
        "x64"
      ],
      "optional": true,
      "os": [
        "darwin"
      ],
      "engines": {
        "node": ">=12"
      }
    },
    "node_modules/@esbuild/freebsd-arm64": {



      "cpu": [
        "arm64"
      ],
      "optional": true,
      "os": [
        "freebsd"
      ],
      "engines": {
        "node": ">=12"
      }
    },
    "node_modules/@esbuild/freebsd-x64": {



      "cpu": [
        "x64"
      ],
      "optional": true,
      "os": [
        "freebsd"
      ],
      "engines": {
        "node": ">=12"
      }
    },
    "node_modules/@esbuild/linux-arm": {



      "cpu": [
        "arm"
      ],
      "optional": true,
      "os": [
        "linux"
      ],
      "engines": {
        "node": ">=12"
      }
    },
    "node_modules/@esbuild/linux-arm64": {



      "cpu": [
        "arm64"
      ],
      "optional": true,
      "os": [
        "linux"
      ],
      "engines": {
        "node": ">=12"
      }
    },
    "node_modules/@esbuild/linux-ia32": {



      "cpu": [
        "ia32"
      ],
      "optional": true,
      "os": [
        "linux"
      ],
      "engines": {
        "node": ">=12"
      }
    },
    "node_modules/@esbuild/linux-loong64": {



      "cpu": [
        "loong64"
      ],
      "optional": true,
      "os": [
        "linux"
      ],
      "engines": {
        "node": ">=12"
      }
    },
    "node_modules/@esbuild/linux-mips64el": {



      "cpu": [
        "mips64el"
      ],
      "optional": true,
      "os": [
        "linux"
      ],
      "engines": {
        "node": ">=12"
      }
    },
    "node_modules/@esbuild/linux-ppc64": {



      "cpu": [
        "ppc64"
      ],
      "optional": true,
      "os": [
        "linux"
      ],
      "engines": {
        "node": ">=12"
      }
    },
    "node_modules/@esbuild/linux-riscv64": {



      "cpu": [
        "riscv64"
      ],
      "optional": true,
      "os": [
        "linux"
      ],
      "engines": {
        "node": ">=12"
      }
    },
    "node_modules/@esbuild/linux-s390x": {



      "cpu": [
        "s390x"
      ],
      "optional": true,
      "os": [
        "linux"
      ],
      "engines": {
        "node": ">=12"
      }
    },
    "node_modules/@esbuild/linux-x64": {



      "cpu": [
        "x64"
      ],
      "optional": true,
      "os": [
        "linux"
      ],
      "engines": {
        "node": ">=12"
      }
    },
    "node_modules/@esbuild/netbsd-x64": {



      "cpu": [
        "x64"
      ],
      "optional": true,
      "os": [
        "netbsd"
      ],
      "engines": {
        "node": ">=12"
      }
    },
    "node_modules/@esbuild/openbsd-x64": {



      "cpu": [
        "x64"
      ],
      "optional": true,
      "os": [
        "openbsd"
      ],
      "engines": {
        "node": ">=12"
      }
    },
    "node_modules/@esbuild/sunos-x64": {



      "cpu": [
        "x64"
      ],
      "optional": true,
      "os": [
        "sunos"
      ],
      "engines": {
        "node": ">=12"
      }
    },
    "node_modules/@esbuild/win32-arm64": {



      "cpu": [
        "arm64"
      ],
      "optional": true,
      "os": [
        "win32"
      ],
      "engines": {
        "node": ">=12"
      }
    },
    "node_modules/@esbuild/win32-ia32": {



      "cpu": [
        "ia32"
      ],
      "optional": true,
      "os": [
        "win32"
      ],
      "engines": {
        "node": ">=12"
      }
    },
    "node_modules/@esbuild/win32-x64": {



      "cpu": [
        "x64"
      ],
      "optional": true,
      "os": [
        "win32"
      ],
      "engines": {
        "node": ">=12"
      }
    },

























      "version": "2.1.0",
      "resolved": "https://registry.npmjs.org/@eslint/eslintrc/-/eslintrc-2.1.0.tgz",
      "integrity": "sha512-Lj7DECXqIVCqnqjjHMPna4vn6GJcMgul/wuS0je9OZ9gsL0zzDpKPVtcG1HaDVc+9y+qgXneTeUMbCqXJNpH1A==",




        "espree": "^9.6.0",
























































    "node_modules/@mml-io/networked-dom-document": {



      "dependencies": {


        "rfc6902": "git+https://github.com/marcuslongmuir/rfc6902.git#7b81b044d7c2cd36f34f9f30d106e7f5db8a0589"
      }
    },
    "node_modules/@mml-io/networked-dom-protocol": {



    },




      "dependencies": {

      }
    },




      "dependencies": {



      }
    },




      "dependencies": {

      }
    },
























































      "engines": {

      }
    },




      "dependencies": {


      }
    },





      "dependencies": {

      }
    },




      "dependencies": {

      }
    },




    },




      "dependencies": {




      }
    },




      "dependencies": {




      }
    },

      "version": "3.0.1",






      }
    },


















































      }
    },




      "dependencies": {



      }
    },




      "dependencies": {










































      "dependencies": {




      },
      "engines": {













      }
    },















      }
    },





      "dependencies": {




      },














      }
    },





      "engines": {





      }
    },














      "engines": {










      }
    },
























      }
    },









      "engines": {





      }
    },













      "engines": {

      }
    },








      "engines": {

      }
    },
















      "engines": {

      }
    },





      "dependencies": {




      },










      "engines": {

      }
    },




      "dependencies": {

      },
      "engines": {




      }
    },




      "dependencies": {


      },
      "engines": {

      }
    },





    },











      }
    },




    },





      "dependencies": {





      },
      "engines": {




      }
    },




      "engines": {

      }
    },





      "dependencies": {




      },
      "engines": {




      }
    },





      "dependencies": {




      },
      "engines": {

      },
      "funding": {

      }
    },









      "engines": {

      },
      "funding": {

      }
    },











      "engines": {

      }
    },




      "engines": {

      }
    },


















      "engines": {


      }
    },
    "node_modules/body-parser/node_modules/debug": {
      "version": "2.6.9",
      "resolved": "https://registry.npmjs.org/debug/-/debug-2.6.9.tgz",
      "integrity": "sha512-bC7ElrdJaJnPbAP+1EotYvqZsb3ecl5wi6Bfi6BJTUcNowp6cvspg0jXznRTKDjm/E7AdgFBVeAPVMNcKGsHMA==",
      "dependencies": {
        "ms": "2.0.0"
      }
    },
    "node_modules/body-parser/node_modules/ms": {
      "version": "2.0.0",
      "resolved": "https://registry.npmjs.org/ms/-/ms-2.0.0.tgz",
      "integrity": "sha512-Tpp60P6IUJDTuOq/5Z8cdskzJujfwqfOTkrwIwj7IRISpnkJnT6SyJ4PCPnGMoFjC9ddhal5KVIYtAt97ix05A=="
    },





      "dependencies": {

      },
      "engines": {

      }
    },









    },







      "engines": {

      }
    },

















      "engines": {

      },
      "funding": {

      }
    },












      "dependencies": {


      },
      "funding": {

      }
    },
















      },
      "engines": {

      },





































































      "integrity": "sha512-dOy+3AuW3a2wNbZHIuMZpTcgjGuLU/uBL/ubcZF9OXbDo8ff4O8yVp5Bf0efS8uEoYo5q4Fx7dY9OgQGXgAsQA=="






















































































































































      "version": "4.3.4",
      "resolved": "https://registry.npmjs.org/debug/-/debug-4.3.4.tgz",
      "integrity": "sha512-PRWFHuSU3eDtQJPvnNY7Jcket1j0t5OuOsFzPPzsekD52Zl8qUfFIPEiswXqIvHWGVHOgX+7G/vCNNhehwxfkQ==",

        "ms": "2.1.2"
      },
      "engines": {
        "node": ">=6.0"
      },
      "peerDependenciesMeta": {
        "supports-color": {
          "optional": true
        }
























































































































































































































































































































































      }
    },
























































































































































































































































































































































































    "node_modules/eslint-scope": {
      "version": "5.1.1",
      "resolved": "https://registry.npmjs.org/eslint-scope/-/eslint-scope-5.1.1.tgz",
      "integrity": "sha512-2NxwbF/hZ0KpepYN0cNbo+FN6XoK7GaHlQhgx/hIZl6Va0bF45RQOOwhLIy8lQDbuCiadSLCBnH2CFYquit5bw==",


        "esrecurse": "^4.3.0",
        "estraverse": "^4.1.1"


        "node": ">=8.0.0"


    "node_modules/eslint-visitor-keys": {
      "version": "3.4.1",
      "resolved": "https://registry.npmjs.org/eslint-visitor-keys/-/eslint-visitor-keys-3.4.1.tgz",
      "integrity": "sha512-pZnmmLwYzf+kWaM/Qgrvpen51upAktaaiI01nsJD/Yr3lMOdNtq0cxkrrg16w64VtisN6okbs7Q8AfGqj4c9fA==",


        "node": "^12.22.0 || ^14.17.0 || >=16.0.0"

      "funding": {
        "url": "https://opencollective.com/eslint"


    "node_modules/eslint/node_modules/eslint-scope": {
      "version": "7.2.0",
      "resolved": "https://registry.npmjs.org/eslint-scope/-/eslint-scope-7.2.0.tgz",
      "integrity": "sha512-DYj5deGlHBfMt15J7rdtyKNq/Nqlv5KfU4iodrQ019XESsRnwXH9KAE0y3cwtUHDo2ob7CypAnCqefh6vioWRw==",



        "estraverse": "^5.2.0"








    "node_modules/eslint/node_modules/estraverse": {
      "version": "5.3.0",
      "resolved": "https://registry.npmjs.org/estraverse/-/estraverse-5.3.0.tgz",
      "integrity": "sha512-MMdARuVEQziNTeJD8DgMqmhwR11BRQ/cBP+pLtYdSTnf3MIO8fFeiINEbX36ZdNlfU/7A9f3gUw49B3oQsvwBA==",


        "node": ">=4.0"















      "version": "9.6.0",
      "resolved": "https://registry.npmjs.org/espree/-/espree-9.6.0.tgz",
      "integrity": "sha512-1FH/IiruXZ84tpUlm0aCUEwMl2Ho5ilqVh0VvQXw+byAz/4SAciyHLlfmL5WYqsvD38oymdUwBss0LtK8m4s/A==",


        "acorn": "^8.9.0",






















    "node_modules/esquery/node_modules/estraverse": {
      "version": "5.3.0",
      "resolved": "https://registry.npmjs.org/estraverse/-/estraverse-5.3.0.tgz",
      "integrity": "sha512-MMdARuVEQziNTeJD8DgMqmhwR11BRQ/cBP+pLtYdSTnf3MIO8fFeiINEbX36ZdNlfU/7A9f3gUw49B3oQsvwBA==",
      "dev": true,
      "engines": {
        "node": ">=4.0"
      }
    },












    "node_modules/esrecurse/node_modules/estraverse": {








    "node_modules/estraverse": {
      "version": "4.3.0",
      "resolved": "https://registry.npmjs.org/estraverse/-/estraverse-4.3.0.tgz",
      "integrity": "sha512-39nnKffWz8xN1BU/2c79n9nB9HDzo0niYUqx6xyqUnyoAnQyyWpOTdZEeiCch8BBu515t4wp9ZmgVfVhn9EBpw==",
      "dev": true,
      "engines": {
        "node": ">=4.0"
      }
    },








    },




      "engines": {
        "node": ">= 0.6"
      }
    },



























      "dependencies": {
































      "engines": {

      }
    },




      "dependencies": {

      },
      "engines": {




      }
    },
    "node_modules/express/node_modules/debug": {
      "version": "2.6.9",
      "resolved": "https://registry.npmjs.org/debug/-/debug-2.6.9.tgz",
      "integrity": "sha512-bC7ElrdJaJnPbAP+1EotYvqZsb3ecl5wi6Bfi6BJTUcNowp6cvspg0jXznRTKDjm/E7AdgFBVeAPVMNcKGsHMA==",
      "dependencies": {
        "ms": "2.0.0"
      }
    },
    "node_modules/express/node_modules/ms": {
      "version": "2.0.0",
      "resolved": "https://registry.npmjs.org/ms/-/ms-2.0.0.tgz",
      "integrity": "sha512-Tpp60P6IUJDTuOq/5Z8cdskzJujfwqfOTkrwIwj7IRISpnkJnT6SyJ4PCPnGMoFjC9ddhal5KVIYtAt97ix05A=="
    },


































































      "engines": {

      }
    },




      "dependencies": {







      },
      "engines": {

      }
    },
    "node_modules/finalhandler/node_modules/debug": {
      "version": "2.6.9",
      "resolved": "https://registry.npmjs.org/debug/-/debug-2.6.9.tgz",
      "integrity": "sha512-bC7ElrdJaJnPbAP+1EotYvqZsb3ecl5wi6Bfi6BJTUcNowp6cvspg0jXznRTKDjm/E7AdgFBVeAPVMNcKGsHMA==",
      "dependencies": {
        "ms": "2.0.0"
      }
    },
    "node_modules/finalhandler/node_modules/ms": {
      "version": "2.0.0",
      "resolved": "https://registry.npmjs.org/ms/-/ms-2.0.0.tgz",
      "integrity": "sha512-Tpp60P6IUJDTuOq/5Z8cdskzJujfwqfOTkrwIwj7IRISpnkJnT6SyJ4PCPnGMoFjC9ddhal5KVIYtAt97ix05A=="
    },









































      }
    },




      "dependencies": {



      },
      "engines": {
        "node": ">= 6"
      }
    },




      "engines": {

      }
    },




      "engines": {

      }
    },




























      "engines": {

      }
    },




































      "engines": {

      }
    },




      "dependencies": {




      },


      }
    },
































































      "dependencies": {

      },
      "engines": {

      }
    },


















































      "version": "1.0.1",


      "dependencies": {




      }
    },



      "integrity": "sha512-RbJ5/jmFcNNCcDV5o9eTnBLJ/HszWV0P73bc+Ff4nS/rJj+YaS6IGyiOL0VoBYX+l1Wrl3k63h/KrH+nhJ0XvQ=="

















      "dependencies": {

      },
      "engines": {

      }
    },






      }
    },




      "engines": {
        "node": ">=8"
      }
    },




      "dependencies": {

      },


      }
    },




      "engines": {




      }
    },




      "engines": {




      }
    },




      "dependencies": {

      },
      "engines": {

      },


      }
    },







      "engines": {

      }
    },




      "dependencies": {





      },
      "engines": {

      }
    },









      "engines": {

      }
    },




      "dependencies": {





      }
    },













      "dependencies": {

      },
      "engines": {

      }
    },















































    },




      "dependencies": {



      },
      "engines": {

      }
    },




      "engines": {

      }
    },








      "engines": {




      }
    },




      "dependencies": {






      }
    },




      "dependencies": {

      },


      }
    },




      "dependencies": {

      },
      "engines": {

      }
    },




      "dependencies": {


      },
      "engines": {




      }
    },









      }
    },
















      "dependencies": {

      },


      },























      "engines": {

      }
    },







      }
    },




      "dependencies": {

      },
      "engines": {

























      "funding": {

      }
    },
















      "engines": {

      }
    },




      "dependencies": {

      },
      "engines": {




      }
    },


















      "dependencies": {


      },
      "engines": {




      }
    },






      }
    },




      "dependencies": {

      },


      }
    },
















      "dependencies": {

      },
      "engines": {




      }
    },




      "dependencies": {

      },
      "engines": {




      }
    },




      "dependencies": {





      },
      "engines": {




      }
    },






      }
    },














































      },


      }
    },




    },






















      "dependencies": {























      },


      },















      },
      "peerDependencies": {


      },
      "peerDependenciesMeta": {

          "optional": true
        },

          "optional": true
        }
      }
    },



























































































      "engines": {

      }
    },























      "engines": {

      }
    },


















      },
      "engines": {

      }
    },




      "engines": {

      }
    },




      "dependencies": {

      },
      "engines": {

      }
    },





































      "dependencies": {

      },


      }
    },










      "version": "2.1.2",
      "resolved": "https://registry.npmjs.org/ms/-/ms-2.1.2.tgz",
      "integrity": "sha512-sGkPx+VjMtmA6MX27oA4FBFELFCZZ4S4XqeGOXCv68tT+jb3vk/RyaKWP0PTKyWtmLSM0b+adUTEvbs1PEaH2w=="

















      "engines": {

      }
    },




      "dependencies": {



      }
    },




      "dependencies": {

      },
      "engines": {









      }
    },




    },









      "dependencies": {


      }
    },




      "engines": {
        "node": ">=0.10.0"
      }
    },
















































































    "node_modules/object.values": {

      "resolved": "https://registry.npmjs.org/object.values/-/object.values-1.1.6.tgz",
      "integrity": "sha512-FVVTkD1vENCsAcwNs9k6jea2uHC/X0+JcjG8YA60FN5CMaJmG95wT9jek/xX9nornqGRrBkKtzuAu2wuHpKqvw==",








      },
      "funding": {
        "url": "https://github.com/sponsors/ljharb"


    "node_modules/on-finished": {
      "version": "2.4.1",
      "resolved": "https://registry.npmjs.org/on-finished/-/on-finished-2.4.1.tgz",
      "integrity": "sha512-oVlzkg3ENAhCk2zdv7IJwd/QUD4z2RxRwpkcGY8psCVcCYZNq4wYnVWALHM+brtuJjePWiYF/ClmuDr8Ch5+kg==",

        "ee-first": "1.1.1"


        "node": ">= 0.8"


    "node_modules/once": {
      "version": "1.4.0",
      "resolved": "https://registry.npmjs.org/once/-/once-1.4.0.tgz",
      "integrity": "sha512-lNaJgI+2Q5URQBkccEKHTQOPaXdUxnZZElQTZY0MFUAuaEqe1E+Nyvgdz/aIyNi6Z9MzO5dv1H8n58/GELp3+w==",
















      "funding": {

      }
    },





      "dependencies": {




      },
      "engines": {

      },
      "funding": {

      }
    },













      "engines": {

      }
    },





      "dependencies": {

      },
      "engines": {

      },
      "funding": {

      }
    },





      "dependencies": {

      },
      "engines": {
















      }
    },




      "dependencies": {

      },
      "funding": {

      }
    },




      "engines": {

      }
    },























      "engines": {

      }
    },










    },


















      "engines": {

      },
      "funding": {

      }
    },









































      "dependencies": {


      },
      "engines": {

      }
    },









      "engines": {

      }
    },




      "dependencies": {

      },
      "engines": {

      },
      "funding": {

      }
    },




    },























      "engines": {

      }
    },




      "dependencies": {




      },
      "engines": {

      }
    },




      "dependencies": {

      },
      "engines": {

      }
    },










      "dependencies": {



      },
      "engines": {

      },
      "funding": {

      }
    },





      "engines": {

      }
    },




    },

















































      "dependencies": {


      }
    },























































































































































      "dependencies": {

      }
    },


















    },























      "dependencies": {

      },
      "engines": {

      }
    },



















      "dependencies": {













      },
      "engines": {

      }
    },
    "node_modules/send/node_modules/debug": {
      "version": "2.6.9",
      "resolved": "https://registry.npmjs.org/debug/-/debug-2.6.9.tgz",
      "integrity": "sha512-bC7ElrdJaJnPbAP+1EotYvqZsb3ecl5wi6Bfi6BJTUcNowp6cvspg0jXznRTKDjm/E7AdgFBVeAPVMNcKGsHMA==",
      "dependencies": {
        "ms": "2.0.0"
      }
    },
    "node_modules/send/node_modules/debug/node_modules/ms": {
      "version": "2.0.0",
      "resolved": "https://registry.npmjs.org/ms/-/ms-2.0.0.tgz",
      "integrity": "sha512-Tpp60P6IUJDTuOq/5Z8cdskzJujfwqfOTkrwIwj7IRISpnkJnT6SyJ4PCPnGMoFjC9ddhal5KVIYtAt97ix05A=="
    },




    },




      "dependencies": {




      },
      "engines": {

      }
    },










      "dependencies": {

      },
      "engines": {

      }
    },





      "engines": {

      }
    },





      "funding": {

      }
    },




      "dependencies": {



      },




























      "engines": {

      }
    },




      "dependencies": {

      },
      "engines": {

      }
    },





      "dependencies": {



      },
      "engines": {

      }
    },


















































      "dependencies": {

      },
      "engines": {

      }
    },






































      "dependencies": {

      },
      "engines": {

      },
      "funding": {

      }
    },
















    },



































    },
















      "dependencies": {

      },
      "engines": {

      }
    },

      "version": "1.0.1",


      "engines": {

      }
    },




      "dependencies": {




      },
      "engines": {

      }
    },
    "node_modules/tough-cookie/node_modules/universalify": {
      "version": "0.2.0",
      "resolved": "https://registry.npmjs.org/universalify/-/universalify-0.2.0.tgz",
      "integrity": "sha512-CJ1QgKmNg3CwvAv/kOFmtnEN05f0D/cn9QntgNOQlQF9dgvVTHj3t+8JPdjqawCHk7V/KA+fbUqzZ9XWhcqPUg==",
      "engines": {
        "node": ">= 4.0.0"
      }
    },







      "engines": {

      }
    },







      }
    },

















    },




















































      },


      }
    },















      "version": "5.0.4",
      "resolved": "https://registry.npmjs.org/typescript/-/typescript-5.0.4.tgz",
      "integrity": "sha512-cW9T5W9xY37cc+jfEnaUvX91foxtHkza3Nw3wkoF4sSlKn0MONdkdEndig/qPBWXNkmplh3NzayQzCiHM4/hqw==",






        "node": ">=12.20"


















      "version": "2.0.0",
      "resolved": "https://registry.npmjs.org/universalify/-/universalify-2.0.0.tgz",
      "integrity": "sha512-hAZsKq7Yy11Zu1DE0OzWjw7nnLZmJZYTDZZyEFHZdUhV8FkH5MCfoU1XMaxXovpyW5nq5scPqq0ZDP9Zyl04oQ==",
      "engines": {
        "node": ">= 10.0.0"
      }
    },




      "engines": {

      }
    },






















      "dependencies": {


      }
    },




      "engines": {

      }
    },




      "engines": {

      }
    },




      "dependencies": {

      },
      "engines": {

      }
    },




      "engines": {

      }
    },




      "dependencies": {

      },
      "engines": {

      }
    },




      "dependencies": {

      },
      "engines": {

      }
    },

      "version": "3.0.0",


      "engines": {

      }
    },




      "dependencies": {


      },
      "engines": {

      }
    },





      "dependencies": {




      },
      "engines": {

      }
    },




      "dependencies": {








      }
    },




      "dependencies": {




      },


      }
    },












      "engines": {




      }
    },





      "dependencies": {



      },
      "engines": {

      },
      "funding": {

      }
    },




















        },


        }

    },




      "engines": {

      }
    },










      "engines": {

      }
    },











      "dependencies": {







      },
      "engines": {

      }
    },





      "engines": {















  }
}
